// !$*UTF8*$!
{
	archiveVersion = 1;
	classes = {
	};
	objectVersion = 56;
	objects = {

/* Begin PBXBuildFile section */
		B0BEAC6F298EB1CD007705CB /* ShadowMapGpuCommandBufferApp.swift in Sources */ = {isa = PBXBuildFile; fileRef = B0BEAC6E298EB1CD007705CB /* ShadowMapGpuCommandBufferApp.swift */; };
		B0BEAC71298EB1CD007705CB /* ContentView.swift in Sources */ = {isa = PBXBuildFile; fileRef = B0BEAC70298EB1CD007705CB /* ContentView.swift */; };
		B0BEAC73298EB1CE007705CB /* Assets.xcassets in Resources */ = {isa = PBXBuildFile; fileRef = B0BEAC72298EB1CE007705CB /* Assets.xcassets */; };
		B0BEAC76298EB1CE007705CB /* Preview Assets.xcassets in Resources */ = {isa = PBXBuildFile; fileRef = B0BEAC75298EB1CE007705CB /* Preview Assets.xcassets */; };
		B0BEAC7D298EB1F5007705CB /* Scene.metal in Sources */ = {isa = PBXBuildFile; fileRef = B0BEAC7C298EB1F5007705CB /* Scene.metal */; };
		B0BEAC7F298EB21F007705CB /* Shadow.metal in Sources */ = {isa = PBXBuildFile; fileRef = B0BEAC7E298EB21F007705CB /* Shadow.metal */; };
/* End PBXBuildFile section */

/* Begin PBXFileReference section */
		B0BEAC6B298EB1CD007705CB /* ShadowMapGpuCommandBuffer.app */ = {isa = PBXFileReference; explicitFileType = wrapper.application; includeInIndex = 0; path = ShadowMapGpuCommandBuffer.app; sourceTree = BUILT_PRODUCTS_DIR; };
		B0BEAC6E298EB1CD007705CB /* ShadowMapGpuCommandBufferApp.swift */ = {isa = PBXFileReference; lastKnownFileType = sourcecode.swift; path = ShadowMapGpuCommandBufferApp.swift; sourceTree = "<group>"; };
		B0BEAC70298EB1CD007705CB /* ContentView.swift */ = {isa = PBXFileReference; lastKnownFileType = sourcecode.swift; path = ContentView.swift; sourceTree = "<group>"; };
		B0BEAC72298EB1CE007705CB /* Assets.xcassets */ = {isa = PBXFileReference; lastKnownFileType = folder.assetcatalog; path = Assets.xcassets; sourceTree = "<group>"; };
		B0BEAC75298EB1CE007705CB /* Preview Assets.xcassets */ = {isa = PBXFileReference; lastKnownFileType = folder.assetcatalog; path = "Preview Assets.xcassets"; sourceTree = "<group>"; };
		B0BEAC7C298EB1F5007705CB /* Scene.metal */ = {isa = PBXFileReference; lastKnownFileType = sourcecode.metal; path = Scene.metal; sourceTree = "<group>"; };
		B0BEAC7E298EB21F007705CB /* Shadow.metal */ = {isa = PBXFileReference; lastKnownFileType = sourcecode.metal; path = Shadow.metal; sourceTree = "<group>"; };
/* End PBXFileReference section */

/* Begin PBXFrameworksBuildPhase section */
		B0BEAC68298EB1CD007705CB /* Frameworks */ = {
			isa = PBXFrameworksBuildPhase;
			buildActionMask = 2147483647;
			files = (
			);
			runOnlyForDeploymentPostprocessing = 0;
		};
/* End PBXFrameworksBuildPhase section */

/* Begin PBXGroup section */
		B0BEAC62298EB1CD007705CB = {
			isa = PBXGroup;
			children = (
				B0BEAC6D298EB1CD007705CB /* ShadowMapGpuCommandBuffer */,
				B0BEAC6C298EB1CD007705CB /* Products */,
			);
			sourceTree = "<group>";
		};
		B0BEAC6C298EB1CD007705CB /* Products */ = {
			isa = PBXGroup;
			children = (
				B0BEAC6B298EB1CD007705CB /* ShadowMapGpuCommandBuffer.app */,
			);
			name = Products;
			sourceTree = "<group>";
		};
		B0BEAC6D298EB1CD007705CB /* ShadowMapGpuCommandBuffer */ = {
			isa = PBXGroup;
			children = (
				B0BEAC6E298EB1CD007705CB /* ShadowMapGpuCommandBufferApp.swift */,
				B0BEAC70298EB1CD007705CB /* ContentView.swift */,
				B0BEAC72298EB1CE007705CB /* Assets.xcassets */,
				B0BEAC74298EB1CE007705CB /* Preview Content */,
				B0BEAC7C298EB1F5007705CB /* Scene.metal */,
				B0BEAC7E298EB21F007705CB /* Shadow.metal */,
			);
			path = ShadowMapGpuCommandBuffer;
			sourceTree = "<group>";
		};
		B0BEAC74298EB1CE007705CB /* Preview Content */ = {
			isa = PBXGroup;
			children = (
				B0BEAC75298EB1CE007705CB /* Preview Assets.xcassets */,
			);
			path = "Preview Content";
			sourceTree = "<group>";
		};
/* End PBXGroup section */

/* Begin PBXNativeTarget section */
		B0BEAC6A298EB1CD007705CB /* ShadowMapGpuCommandBuffer */ = {
			isa = PBXNativeTarget;
			buildConfigurationList = B0BEAC79298EB1CE007705CB /* Build configuration list for PBXNativeTarget "ShadowMapGpuCommandBuffer" */;
			buildPhases = (
				B0BEAC67298EB1CD007705CB /* Sources */,
				B0BEAC68298EB1CD007705CB /* Frameworks */,
				B0BEAC69298EB1CD007705CB /* Resources */,
			);
			buildRules = (
			);
			dependencies = (
			);
			name = ShadowMapGpuCommandBuffer;
			productName = ShadowMapGpuCommandBuffer;
			productReference = B0BEAC6B298EB1CD007705CB /* ShadowMapGpuCommandBuffer.app */;
			productType = "com.apple.product-type.application";
		};
/* End PBXNativeTarget section */

/* Begin PBXProject section */
		B0BEAC63298EB1CD007705CB /* Project object */ = {
			isa = PBXProject;
			attributes = {
				BuildIndependentTargetsInParallel = 1;
				LastSwiftUpdateCheck = 1420;
				LastUpgradeCheck = 1420;
				TargetAttributes = {
					B0BEAC6A298EB1CD007705CB = {
						CreatedOnToolsVersion = 14.2;
					};
				};
			};
			buildConfigurationList = B0BEAC66298EB1CD007705CB /* Build configuration list for PBXProject "ShadowMapGpuCommandBuffer" */;
			compatibilityVersion = "Xcode 14.0";
			developmentRegion = en;
			hasScannedForEncodings = 0;
			knownRegions = (
				en,
				Base,
			);
			mainGroup = B0BEAC62298EB1CD007705CB;
			productRefGroup = B0BEAC6C298EB1CD007705CB /* Products */;
			projectDirPath = "";
			projectRoot = "";
			targets = (
				B0BEAC6A298EB1CD007705CB /* ShadowMapGpuCommandBuffer */,
			);
		};
/* End PBXProject section */

/* Begin PBXResourcesBuildPhase section */
		B0BEAC69298EB1CD007705CB /* Resources */ = {
			isa = PBXResourcesBuildPhase;
			buildActionMask = 2147483647;
			files = (
				B0BEAC76298EB1CE007705CB /* Preview Assets.xcassets in Resources */,
				B0BEAC73298EB1CE007705CB /* Assets.xcassets in Resources */,
			);
			runOnlyForDeploymentPostprocessing = 0;
		};
/* End PBXResourcesBuildPhase section */

/* Begin PBXSourcesBuildPhase section */
		B0BEAC67298EB1CD007705CB /* Sources */ = {
			isa = PBXSourcesBuildPhase;
			buildActionMask = 2147483647;
			files = (
				B0BEAC71298EB1CD007705CB /* ContentView.swift in Sources */,
				B0BEAC6F298EB1CD007705CB /* ShadowMapGpuCommandBufferApp.swift in Sources */,
				B0BEAC7D298EB1F5007705CB /* Scene.metal in Sources */,
				B0BEAC7F298EB21F007705CB /* Shadow.metal in Sources */,
			);
			runOnlyForDeploymentPostprocessing = 0;
		};
/* End PBXSourcesBuildPhase section */

/* Begin XCBuildConfiguration section */
		B0BEAC77298EB1CE007705CB /* Debug */ = {
			isa = XCBuildConfiguration;
			buildSettings = {
				ALWAYS_SEARCH_USER_PATHS = NO;
				CLANG_ANALYZER_NONNULL = YES;
				CLANG_ANALYZER_NUMBER_OBJECT_CONVERSION = YES_AGGRESSIVE;
				CLANG_CXX_LANGUAGE_STANDARD = "gnu++20";
				CLANG_ENABLE_MODULES = YES;
				CLANG_ENABLE_OBJC_ARC = YES;
				CLANG_ENABLE_OBJC_WEAK = YES;
				CLANG_WARN_BLOCK_CAPTURE_AUTORELEASING = YES;
				CLANG_WARN_BOOL_CONVERSION = YES;
				CLANG_WARN_COMMA = YES;
				CLANG_WARN_CONSTANT_CONVERSION = YES;
				CLANG_WARN_DEPRECATED_OBJC_IMPLEMENTATIONS = YES;
				CLANG_WARN_DIRECT_OBJC_ISA_USAGE = YES_ERROR;
				CLANG_WARN_DOCUMENTATION_COMMENTS = YES;
				CLANG_WARN_EMPTY_BODY = YES;
				CLANG_WARN_ENUM_CONVERSION = YES;
				CLANG_WARN_INFINITE_RECURSION = YES;
				CLANG_WARN_INT_CONVERSION = YES;
				CLANG_WARN_NON_LITERAL_NULL_CONVERSION = YES;
				CLANG_WARN_OBJC_IMPLICIT_RETAIN_SELF = YES;
				CLANG_WARN_OBJC_LITERAL_CONVERSION = YES;
				CLANG_WARN_OBJC_ROOT_CLASS = YES_ERROR;
				CLANG_WARN_QUOTED_INCLUDE_IN_FRAMEWORK_HEADER = YES;
				CLANG_WARN_RANGE_LOOP_ANALYSIS = YES;
				CLANG_WARN_STRICT_PROTOTYPES = YES;
				CLANG_WARN_SUSPICIOUS_MOVE = YES;
				CLANG_WARN_UNGUARDED_AVAILABILITY = YES_AGGRESSIVE;
				CLANG_WARN_UNREACHABLE_CODE = YES;
				CLANG_WARN__DUPLICATE_METHOD_MATCH = YES;
				COPY_PHASE_STRIP = NO;
				DEBUG_INFORMATION_FORMAT = dwarf;
				ENABLE_STRICT_OBJC_MSGSEND = YES;
				ENABLE_TESTABILITY = YES;
				GCC_C_LANGUAGE_STANDARD = gnu11;
				GCC_DYNAMIC_NO_PIC = NO;
				GCC_NO_COMMON_BLOCKS = YES;
				GCC_OPTIMIZATION_LEVEL = 0;
				GCC_PREPROCESSOR_DEFINITIONS = (
					"DEBUG=1",
					"$(inherited)",
				);
				GCC_WARN_64_TO_32_BIT_CONVERSION = YES;
				GCC_WARN_ABOUT_RETURN_TYPE = YES_ERROR;
				GCC_WARN_UNDECLARED_SELECTOR = YES;
				GCC_WARN_UNINITIALIZED_AUTOS = YES_AGGRESSIVE;
				GCC_WARN_UNUSED_FUNCTION = YES;
				GCC_WARN_UNUSED_VARIABLE = YES;
				IPHONEOS_DEPLOYMENT_TARGET = 16.2;
				MTL_ENABLE_DEBUG_INFO = INCLUDE_SOURCE;
				MTL_FAST_MATH = YES;
				ONLY_ACTIVE_ARCH = YES;
				SDKROOT = iphoneos;
				SWIFT_ACTIVE_COMPILATION_CONDITIONS = DEBUG;
				SWIFT_OPTIMIZATION_LEVEL = "-Onone";
			};
			name = Debug;
		};
		B0BEAC78298EB1CE007705CB /* Release */ = {
			isa = XCBuildConfiguration;
			buildSettings = {
				ALWAYS_SEARCH_USER_PATHS = NO;
				CLANG_ANALYZER_NONNULL = YES;
				CLANG_ANALYZER_NUMBER_OBJECT_CONVERSION = YES_AGGRESSIVE;
				CLANG_CXX_LANGUAGE_STANDARD = "gnu++20";
				CLANG_ENABLE_MODULES = YES;
				CLANG_ENABLE_OBJC_ARC = YES;
				CLANG_ENABLE_OBJC_WEAK = YES;
				CLANG_WARN_BLOCK_CAPTURE_AUTORELEASING = YES;
				CLANG_WARN_BOOL_CONVERSION = YES;
				CLANG_WARN_COMMA = YES;
				CLANG_WARN_CONSTANT_CONVERSION = YES;
				CLANG_WARN_DEPRECATED_OBJC_IMPLEMENTATIONS = YES;
				CLANG_WARN_DIRECT_OBJC_ISA_USAGE = YES_ERROR;
				CLANG_WARN_DOCUMENTATION_COMMENTS = YES;
				CLANG_WARN_EMPTY_BODY = YES;
				CLANG_WARN_ENUM_CONVERSION = YES;
				CLANG_WARN_INFINITE_RECURSION = YES;
				CLANG_WARN_INT_CONVERSION = YES;
				CLANG_WARN_NON_LITERAL_NULL_CONVERSION = YES;
				CLANG_WARN_OBJC_IMPLICIT_RETAIN_SELF = YES;
				CLANG_WARN_OBJC_LITERAL_CONVERSION = YES;
				CLANG_WARN_OBJC_ROOT_CLASS = YES_ERROR;
				CLANG_WARN_QUOTED_INCLUDE_IN_FRAMEWORK_HEADER = YES;
				CLANG_WARN_RANGE_LOOP_ANALYSIS = YES;
				CLANG_WARN_STRICT_PROTOTYPES = YES;
				CLANG_WARN_SUSPICIOUS_MOVE = YES;
				CLANG_WARN_UNGUARDED_AVAILABILITY = YES_AGGRESSIVE;
				CLANG_WARN_UNREACHABLE_CODE = YES;
				CLANG_WARN__DUPLICATE_METHOD_MATCH = YES;
				COPY_PHASE_STRIP = NO;
				DEBUG_INFORMATION_FORMAT = "dwarf-with-dsym";
				ENABLE_NS_ASSERTIONS = NO;
				ENABLE_STRICT_OBJC_MSGSEND = YES;
				GCC_C_LANGUAGE_STANDARD = gnu11;
				GCC_NO_COMMON_BLOCKS = YES;
				GCC_WARN_64_TO_32_BIT_CONVERSION = YES;
				GCC_WARN_ABOUT_RETURN_TYPE = YES_ERROR;
				GCC_WARN_UNDECLARED_SELECTOR = YES;
				GCC_WARN_UNINITIALIZED_AUTOS = YES_AGGRESSIVE;
				GCC_WARN_UNUSED_FUNCTION = YES;
				GCC_WARN_UNUSED_VARIABLE = YES;
				IPHONEOS_DEPLOYMENT_TARGET = 16.2;
				MTL_ENABLE_DEBUG_INFO = NO;
				MTL_FAST_MATH = YES;
				SDKROOT = iphoneos;
				SWIFT_COMPILATION_MODE = wholemodule;
				SWIFT_OPTIMIZATION_LEVEL = "-O";
				VALIDATE_PRODUCT = YES;
			};
			name = Release;
		};
		B0BEAC7A298EB1CE007705CB /* Debug */ = {
			isa = XCBuildConfiguration;
			buildSettings = {
				ASSETCATALOG_COMPILER_APPICON_NAME = AppIcon;
				ASSETCATALOG_COMPILER_GLOBAL_ACCENT_COLOR_NAME = AccentColor;
				CODE_SIGN_STYLE = Automatic;
				CURRENT_PROJECT_VERSION = 1;
				DEVELOPMENT_ASSET_PATHS = "\"ShadowMapGpuCommandBuffer/Preview Content\"";
				DEVELOPMENT_TEAM = "";
				ENABLE_PREVIEWS = YES;
				GENERATE_INFOPLIST_FILE = YES;
				INFOPLIST_KEY_UIApplicationSceneManifest_Generation = YES;
				INFOPLIST_KEY_UIApplicationSupportsIndirectInputEvents = YES;
				INFOPLIST_KEY_UILaunchScreen_Generation = YES;
				INFOPLIST_KEY_UISupportedInterfaceOrientations_iPad = "UIInterfaceOrientationPortrait UIInterfaceOrientationPortraitUpsideDown UIInterfaceOrientationLandscapeLeft UIInterfaceOrientationLandscapeRight";
				INFOPLIST_KEY_UISupportedInterfaceOrientations_iPhone = "UIInterfaceOrientationPortrait UIInterfaceOrientationLandscapeLeft UIInterfaceOrientationLandscapeRight";
				LD_RUNPATH_SEARCH_PATHS = (
					"$(inherited)",
					"@executable_path/Frameworks",
				);
				MARKETING_VERSION = 1.0;
				PRODUCT_BUNDLE_IDENTIFIER = com.example.ShadowMapGpuCommandBuffer;
				PRODUCT_NAME = "$(TARGET_NAME)";
				SUPPORTED_PLATFORMS = "iphoneos iphonesimulator macosx";
				SUPPORTS_MACCATALYST = NO;
				SUPPORTS_MAC_DESIGNED_FOR_IPHONE_IPAD = NO;
				SWIFT_EMIT_LOC_STRINGS = YES;
				SWIFT_VERSION = 5.0;
				TARGETED_DEVICE_FAMILY = "1,2";
			};
			name = Debug;
		};
		B0BEAC7B298EB1CE007705CB /* Release */ = {
			isa = XCBuildConfiguration;
			buildSettings = {
				ASSETCATALOG_COMPILER_APPICON_NAME = AppIcon;
				ASSETCATALOG_COMPILER_GLOBAL_ACCENT_COLOR_NAME = AccentColor;
				CODE_SIGN_STYLE = Automatic;
				CURRENT_PROJECT_VERSION = 1;
				DEVELOPMENT_ASSET_PATHS = "\"ShadowMapGpuCommandBuffer/Preview Content\"";
				DEVELOPMENT_TEAM = "";
				ENABLE_PREVIEWS = YES;
				GENERATE_INFOPLIST_FILE = YES;
				INFOPLIST_KEY_UIApplicationSceneManifest_Generation = YES;
				INFOPLIST_KEY_UIApplicationSupportsIndirectInputEvents = YES;
				INFOPLIST_KEY_UILaunchScreen_Generation = YES;
				INFOPLIST_KEY_UISupportedInterfaceOrientations_iPad = "UIInterfaceOrientationPortrait UIInterfaceOrientationPortraitUpsideDown UIInterfaceOrientationLandscapeLeft UIInterfaceOrientationLandscapeRight";
				INFOPLIST_KEY_UISupportedInterfaceOrientations_iPhone = "UIInterfaceOrientationPortrait UIInterfaceOrientationLandscapeLeft UIInterfaceOrientationLandscapeRight";
				LD_RUNPATH_SEARCH_PATHS = (
					"$(inherited)",
					"@executable_path/Frameworks",
				);
				MARKETING_VERSION = 1.0;
				PRODUCT_BUNDLE_IDENTIFIER = com.example.ShadowMapGpuCommandBuffer;
				PRODUCT_NAME = "$(TARGET_NAME)";
				SUPPORTED_PLATFORMS = "iphoneos iphonesimulator macosx";
				SUPPORTS_MACCATALYST = NO;
				SUPPORTS_MAC_DESIGNED_FOR_IPHONE_IPAD = NO;
				SWIFT_EMIT_LOC_STRINGS = YES;
				SWIFT_VERSION = 5.0;
				TARGETED_DEVICE_FAMILY = "1,2";
			};
			name = Release;
		};
/* End XCBuildConfiguration section */

/* Begin XCConfigurationList section */
		B0BEAC66298EB1CD007705CB /* Build configuration list for PBXProject "ShadowMapGpuCommandBuffer" */ = {
			isa = XCConfigurationList;
			buildConfigurations = (
				B0BEAC77298EB1CE007705CB /* Debug */,
				B0BEAC78298EB1CE007705CB /* Release */,
			);
			defaultConfigurationIsVisible = 0;
			defaultConfigurationName = Release;
		};
		B0BEAC79298EB1CE007705CB /* Build configuration list for PBXNativeTarget "ShadowMapGpuCommandBuffer" */ = {
			isa = XCConfigurationList;
			buildConfigurations = (
				B0BEAC7A298EB1CE007705CB /* Debug */,
				B0BEAC7B298EB1CE007705CB /* Release */,
			);
			defaultConfigurationIsVisible = 0;
			defaultConfigurationName = Release;
		};
/* End XCConfigurationList section */
	};
	rootObject = B0BEAC63298EB1CD007705CB /* Project object */;
}
