// !$*UTF8*$!
{
	archiveVersion = 1;
	classes = {
	};
	objectVersion = 56;
	objects = {

/* Begin PBXBuildFile section */
		B0A3DD1A29CB2C6300ECF585 /* PBRApp.swift in Sources */ = {isa = PBXBuildFile; fileRef = B0A3DD1929CB2C6300ECF585 /* PBRApp.swift */; };
		B0A3DD1C29CB2C6300ECF585 /* ContentView.swift in Sources */ = {isa = PBXBuildFile; fileRef = B0A3DD1B29CB2C6300ECF585 /* ContentView.swift */; };
		B0A3DD1E29CB2C6400ECF585 /* Assets.xcassets in Resources */ = {isa = PBXBuildFile; fileRef = B0A3DD1D29CB2C6400ECF585 /* Assets.xcassets */; };
		B0A3DD2129CB2C6400ECF585 /* Preview Assets.xcassets in Resources */ = {isa = PBXBuildFile; fileRef = B0A3DD2029CB2C6400ECF585 /* Preview Assets.xcassets */; };
		B0A3DD2829CB2C8100ECF585 /* Scene.metal in Sources */ = {isa = PBXBuildFile; fileRef = B0A3DD2729CB2C8100ECF585 /* Scene.metal */; };
		B0A3DD2A29D06ACA00ECF585 /* Lenna.bmp in Resources */ = {isa = PBXBuildFile; fileRef = B0A3DD2929D06ACA00ECF585 /* Lenna.bmp */; };
		B0A3DD2C29D06AD900ECF585 /* Sailboat.bmp in Resources */ = {isa = PBXBuildFile; fileRef = B0A3DD2B29D06AD900ECF585 /* Sailboat.bmp */; };
		B0A3DD2E29D1EB4400ECF585 /* Post.metal in Sources */ = {isa = PBXBuildFile; fileRef = B0A3DD2D29D1EB4400ECF585 /* Post.metal */; };
/* End PBXBuildFile section */

/* Begin PBXFileReference section */
		B0A3DD1629CB2C6300ECF585 /* PBR.app */ = {isa = PBXFileReference; explicitFileType = wrapper.application; includeInIndex = 0; path = PBR.app; sourceTree = BUILT_PRODUCTS_DIR; };
		B0A3DD1929CB2C6300ECF585 /* PBRApp.swift */ = {isa = PBXFileReference; lastKnownFileType = sourcecode.swift; path = PBRApp.swift; sourceTree = "<group>"; };
		B0A3DD1B29CB2C6300ECF585 /* ContentView.swift */ = {isa = PBXFileReference; lastKnownFileType = sourcecode.swift; path = ContentView.swift; sourceTree = "<group>"; };
		B0A3DD1D29CB2C6400ECF585 /* Assets.xcassets */ = {isa = PBXFileReference; lastKnownFileType = folder.assetcatalog; path = Assets.xcassets; sourceTree = "<group>"; };
		B0A3DD2029CB2C6400ECF585 /* Preview Assets.xcassets */ = {isa = PBXFileReference; lastKnownFileType = folder.assetcatalog; path = "Preview Assets.xcassets"; sourceTree = "<group>"; };
		B0A3DD2729CB2C8100ECF585 /* Scene.metal */ = {isa = PBXFileReference; lastKnownFileType = sourcecode.metal; path = Scene.metal; sourceTree = "<group>"; };
		B0A3DD2929D06ACA00ECF585 /* Lenna.bmp */ = {isa = PBXFileReference; lastKnownFileType = image.bmp; name = Lenna.bmp; path = ../../res/Lenna.bmp; sourceTree = "<group>"; };
		B0A3DD2B29D06AD900ECF585 /* Sailboat.bmp */ = {isa = PBXFileReference; lastKnownFileType = image.bmp; name = Sailboat.bmp; path = ../../res/Sailboat.bmp; sourceTree = "<group>"; };
		B0A3DD2D29D1EB4400ECF585 /* Post.metal */ = {isa = PBXFileReference; lastKnownFileType = sourcecode.metal; path = Post.metal; sourceTree = "<group>"; };
/* End PBXFileReference section */

/* Begin PBXFrameworksBuildPhase section */
		B0A3DD1329CB2C6300ECF585 /* Frameworks */ = {
			isa = PBXFrameworksBuildPhase;
			buildActionMask = 2147483647;
			files = (
			);
			runOnlyForDeploymentPostprocessing = 0;
		};
/* End PBXFrameworksBuildPhase section */

/* Begin PBXGroup section */
		B0A3DD0D29CB2C6300ECF585 = {
			isa = PBXGroup;
			children = (
				B0A3DD1829CB2C6300ECF585 /* PBR */,
				B0A3DD1729CB2C6300ECF585 /* Products */,
			);
			sourceTree = "<group>";
		};
		B0A3DD1729CB2C6300ECF585 /* Products */ = {
			isa = PBXGroup;
			children = (
				B0A3DD1629CB2C6300ECF585 /* PBR.app */,
			);
			name = Products;
			sourceTree = "<group>";
		};
		B0A3DD1829CB2C6300ECF585 /* PBR */ = {
			isa = PBXGroup;
			children = (
				B0A3DD2B29D06AD900ECF585 /* Sailboat.bmp */,
				B0A3DD2929D06ACA00ECF585 /* Lenna.bmp */,
				B0A3DD1929CB2C6300ECF585 /* PBRApp.swift */,
				B0A3DD1B29CB2C6300ECF585 /* ContentView.swift */,
				B0A3DD1D29CB2C6400ECF585 /* Assets.xcassets */,
				B0A3DD1F29CB2C6400ECF585 /* Preview Content */,
				B0A3DD2729CB2C8100ECF585 /* Scene.metal */,
				B0A3DD2D29D1EB4400ECF585 /* Post.metal */,
			);
			path = PBR;
			sourceTree = "<group>";
		};
		B0A3DD1F29CB2C6400ECF585 /* Preview Content */ = {
			isa = PBXGroup;
			children = (
				B0A3DD2029CB2C6400ECF585 /* Preview Assets.xcassets */,
			);
			path = "Preview Content";
			sourceTree = "<group>";
		};
/* End PBXGroup section */

/* Begin PBXNativeTarget section */
		B0A3DD1529CB2C6300ECF585 /* PBR */ = {
			isa = PBXNativeTarget;
			buildConfigurationList = B0A3DD2429CB2C6400ECF585 /* Build configuration list for PBXNativeTarget "PBR" */;
			buildPhases = (
				B0A3DD1229CB2C6300ECF585 /* Sources */,
				B0A3DD1329CB2C6300ECF585 /* Frameworks */,
				B0A3DD1429CB2C6300ECF585 /* Resources */,
			);
			buildRules = (
			);
			dependencies = (
			);
			name = PBR;
			productName = PBR;
			productReference = B0A3DD1629CB2C6300ECF585 /* PBR.app */;
			productType = "com.apple.product-type.application";
		};
/* End PBXNativeTarget section */

/* Begin PBXProject section */
		B0A3DD0E29CB2C6300ECF585 /* Project object */ = {
			isa = PBXProject;
			attributes = {
				BuildIndependentTargetsInParallel = 1;
				LastSwiftUpdateCheck = 1420;
				LastUpgradeCheck = 1420;
				TargetAttributes = {
					B0A3DD1529CB2C6300ECF585 = {
						CreatedOnToolsVersion = 14.2;
					};
				};
			};
			buildConfigurationList = B0A3DD1129CB2C6300ECF585 /* Build configuration list for PBXProject "PBR" */;
			compatibilityVersion = "Xcode 14.0";
			developmentRegion = en;
			hasScannedForEncodings = 0;
			knownRegions = (
				en,
				Base,
			);
			mainGroup = B0A3DD0D29CB2C6300ECF585;
			productRefGroup = B0A3DD1729CB2C6300ECF585 /* Products */;
			projectDirPath = "";
			projectRoot = "";
			targets = (
				B0A3DD1529CB2C6300ECF585 /* PBR */,
			);
		};
/* End PBXProject section */

/* Begin PBXResourcesBuildPhase section */
		B0A3DD1429CB2C6300ECF585 /* Resources */ = {
			isa = PBXResourcesBuildPhase;
			buildActionMask = 2147483647;
			files = (
				B0A3DD2C29D06AD900ECF585 /* Sailboat.bmp in Resources */,
				B0A3DD2A29D06ACA00ECF585 /* Lenna.bmp in Resources */,
				B0A3DD2129CB2C6400ECF585 /* Preview Assets.xcassets in Resources */,
				B0A3DD1E29CB2C6400ECF585 /* Assets.xcassets in Resources */,
			);
			runOnlyForDeploymentPostprocessing = 0;
		};
/* End PBXResourcesBuildPhase section */

/* Begin PBXSourcesBuildPhase section */
		B0A3DD1229CB2C6300ECF585 /* Sources */ = {
			isa = PBXSourcesBuildPhase;
			buildActionMask = 2147483647;
			files = (
				B0A3DD1C29CB2C6300ECF585 /* ContentView.swift in Sources */,
				B0A3DD2E29D1EB4400ECF585 /* Post.metal in Sources */,
				B0A3DD1A29CB2C6300ECF585 /* PBRApp.swift in Sources */,
				B0A3DD2829CB2C8100ECF585 /* Scene.metal in Sources */,
			);
			runOnlyForDeploymentPostprocessing = 0;
		};
/* End PBXSourcesBuildPhase section */

/* Begin XCBuildConfiguration section */
		B0A3DD2229CB2C6400ECF585 /* Debug */ = {
			isa = XCBuildConfiguration;
			buildSettings = {
				ALWAYS_SEARCH_USER_PATHS = NO;
				CLANG_ANALYZER_NONNULL = YES;
				CLANG_ANALYZER_NUMBER_OBJECT_CONVERSION = YES_AGGRESSIVE;
				CLANG_CXX_LANGUAGE_STANDARD = "gnu++20";
				CLANG_ENABLE_MODULES = YES;
				CLANG_ENABLE_OBJC_ARC = YES;
				CLANG_ENABLE_OBJC_WEAK = YES;
				CLANG_WARN_BLOCK_CAPTURE_AUTORELEASING = YES;
				CLANG_WARN_BOOL_CONVERSION = YES;
				CLANG_WARN_COMMA = YES;
				CLANG_WARN_CONSTANT_CONVERSION = YES;
				CLANG_WARN_DEPRECATED_OBJC_IMPLEMENTATIONS = YES;
				CLANG_WARN_DIRECT_OBJC_ISA_USAGE = YES_ERROR;
				CLANG_WARN_DOCUMENTATION_COMMENTS = YES;
				CLANG_WARN_EMPTY_BODY = YES;
				CLANG_WARN_ENUM_CONVERSION = YES;
				CLANG_WARN_INFINITE_RECURSION = YES;
				CLANG_WARN_INT_CONVERSION = YES;
				CLANG_WARN_NON_LITERAL_NULL_CONVERSION = YES;
				CLANG_WARN_OBJC_IMPLICIT_RETAIN_SELF = YES;
				CLANG_WARN_OBJC_LITERAL_CONVERSION = YES;
				CLANG_WARN_OBJC_ROOT_CLASS = YES_ERROR;
				CLANG_WARN_QUOTED_INCLUDE_IN_FRAMEWORK_HEADER = YES;
				CLANG_WARN_RANGE_LOOP_ANALYSIS = YES;
				CLANG_WARN_STRICT_PROTOTYPES = YES;
				CLANG_WARN_SUSPICIOUS_MOVE = YES;
				CLANG_WARN_UNGUARDED_AVAILABILITY = YES_AGGRESSIVE;
				CLANG_WARN_UNREACHABLE_CODE = YES;
				CLANG_WARN__DUPLICATE_METHOD_MATCH = YES;
				COPY_PHASE_STRIP = NO;
				DEBUG_INFORMATION_FORMAT = dwarf;
				ENABLE_STRICT_OBJC_MSGSEND = YES;
				ENABLE_TESTABILITY = YES;
				GCC_C_LANGUAGE_STANDARD = gnu11;
				GCC_DYNAMIC_NO_PIC = NO;
				GCC_NO_COMMON_BLOCKS = YES;
				GCC_OPTIMIZATION_LEVEL = 0;
				GCC_PREPROCESSOR_DEFINITIONS = (
					"DEBUG=1",
					"$(inherited)",
				);
				GCC_WARN_64_TO_32_BIT_CONVERSION = YES;
				GCC_WARN_ABOUT_RETURN_TYPE = YES_ERROR;
				GCC_WARN_UNDECLARED_SELECTOR = YES;
				GCC_WARN_UNINITIALIZED_AUTOS = YES_AGGRESSIVE;
				GCC_WARN_UNUSED_FUNCTION = YES;
				GCC_WARN_UNUSED_VARIABLE = YES;
				IPHONEOS_DEPLOYMENT_TARGET = 16.2;
				MTL_ENABLE_DEBUG_INFO = INCLUDE_SOURCE;
				MTL_FAST_MATH = YES;
				ONLY_ACTIVE_ARCH = YES;
				SDKROOT = iphoneos;
				SWIFT_ACTIVE_COMPILATION_CONDITIONS = DEBUG;
				SWIFT_OPTIMIZATION_LEVEL = "-Onone";
			};
			name = Debug;
		};
		B0A3DD2329CB2C6400ECF585 /* Release */ = {
			isa = XCBuildConfiguration;
			buildSettings = {
				ALWAYS_SEARCH_USER_PATHS = NO;
				CLANG_ANALYZER_NONNULL = YES;
				CLANG_ANALYZER_NUMBER_OBJECT_CONVERSION = YES_AGGRESSIVE;
				CLANG_CXX_LANGUAGE_STANDARD = "gnu++20";
				CLANG_ENABLE_MODULES = YES;
				CLANG_ENABLE_OBJC_ARC = YES;
				CLANG_ENABLE_OBJC_WEAK = YES;
				CLANG_WARN_BLOCK_CAPTURE_AUTORELEASING = YES;
				CLANG_WARN_BOOL_CONVERSION = YES;
				CLANG_WARN_COMMA = YES;
				CLANG_WARN_CONSTANT_CONVERSION = YES;
				CLANG_WARN_DEPRECATED_OBJC_IMPLEMENTATIONS = YES;
				CLANG_WARN_DIRECT_OBJC_ISA_USAGE = YES_ERROR;
				CLANG_WARN_DOCUMENTATION_COMMENTS = YES;
				CLANG_WARN_EMPTY_BODY = YES;
				CLANG_WARN_ENUM_CONVERSION = YES;
				CLANG_WARN_INFINITE_RECURSION = YES;
				CLANG_WARN_INT_CONVERSION = YES;
				CLANG_WARN_NON_LITERAL_NULL_CONVERSION = YES;
				CLANG_WARN_OBJC_IMPLICIT_RETAIN_SELF = YES;
				CLANG_WARN_OBJC_LITERAL_CONVERSION = YES;
				CLANG_WARN_OBJC_ROOT_CLASS = YES_ERROR;
				CLANG_WARN_QUOTED_INCLUDE_IN_FRAMEWORK_HEADER = YES;
				CLANG_WARN_RANGE_LOOP_ANALYSIS = YES;
				CLANG_WARN_STRICT_PROTOTYPES = YES;
				CLANG_WARN_SUSPICIOUS_MOVE = YES;
				CLANG_WARN_UNGUARDED_AVAILABILITY = YES_AGGRESSIVE;
				CLANG_WARN_UNREACHABLE_CODE = YES;
				CLANG_WARN__DUPLICATE_METHOD_MATCH = YES;
				COPY_PHASE_STRIP = NO;
				DEBUG_INFORMATION_FORMAT = "dwarf-with-dsym";
				ENABLE_NS_ASSERTIONS = NO;
				ENABLE_STRICT_OBJC_MSGSEND = YES;
				GCC_C_LANGUAGE_STANDARD = gnu11;
				GCC_NO_COMMON_BLOCKS = YES;
				GCC_WARN_64_TO_32_BIT_CONVERSION = YES;
				GCC_WARN_ABOUT_RETURN_TYPE = YES_ERROR;
				GCC_WARN_UNDECLARED_SELECTOR = YES;
				GCC_WARN_UNINITIALIZED_AUTOS = YES_AGGRESSIVE;
				GCC_WARN_UNUSED_FUNCTION = YES;
				GCC_WARN_UNUSED_VARIABLE = YES;
				IPHONEOS_DEPLOYMENT_TARGET = 16.2;
				MTL_ENABLE_DEBUG_INFO = NO;
				MTL_FAST_MATH = YES;
				SDKROOT = iphoneos;
				SWIFT_COMPILATION_MODE = wholemodule;
				SWIFT_OPTIMIZATION_LEVEL = "-O";
				VALIDATE_PRODUCT = YES;
			};
			name = Release;
		};
		B0A3DD2529CB2C6400ECF585 /* Debug */ = {
			isa = XCBuildConfiguration;
			buildSettings = {
				ASSETCATALOG_COMPILER_APPICON_NAME = AppIcon;
				ASSETCATALOG_COMPILER_GLOBAL_ACCENT_COLOR_NAME = AccentColor;
				CODE_SIGN_STYLE = Automatic;
				CURRENT_PROJECT_VERSION = 1;
				DEVELOPMENT_ASSET_PATHS = "\"PBR/Preview Content\"";
				ENABLE_PREVIEWS = YES;
				GENERATE_INFOPLIST_FILE = YES;
				INFOPLIST_KEY_UIApplicationSceneManifest_Generation = YES;
				INFOPLIST_KEY_UIApplicationSupportsIndirectInputEvents = YES;
				INFOPLIST_KEY_UILaunchScreen_Generation = YES;
				INFOPLIST_KEY_UISupportedInterfaceOrientations_iPad = "UIInterfaceOrientationPortrait UIInterfaceOrientationPortraitUpsideDown UIInterfaceOrientationLandscapeLeft UIInterfaceOrientationLandscapeRight";
				INFOPLIST_KEY_UISupportedInterfaceOrientations_iPhone = "UIInterfaceOrientationPortrait UIInterfaceOrientationLandscapeLeft UIInterfaceOrientationLandscapeRight";
				LD_RUNPATH_SEARCH_PATHS = (
					"$(inherited)",
					"@executable_path/Frameworks",
				);
				MARKETING_VERSION = 1.0;
				PRODUCT_BUNDLE_IDENTIFIER = com.example.PBR;
				PRODUCT_NAME = "$(TARGET_NAME)";
				SUPPORTED_PLATFORMS = "iphoneos iphonesimulator macosx";
				SUPPORTS_MACCATALYST = NO;
				SUPPORTS_MAC_DESIGNED_FOR_IPHONE_IPAD = NO;
				SWIFT_EMIT_LOC_STRINGS = YES;
				SWIFT_VERSION = 5.0;
				TARGETED_DEVICE_FAMILY = "1,2";
			};
			name = Debug;
		};
		B0A3DD2629CB2C6400ECF585 /* Release */ = {
			isa = XCBuildConfiguration;
			buildSettings = {
				ASSETCATALOG_COMPILER_APPICON_NAME = AppIcon;
				ASSETCATALOG_COMPILER_GLOBAL_ACCENT_COLOR_NAME = AccentColor;
				CODE_SIGN_STYLE = Automatic;
				CURRENT_PROJECT_VERSION = 1;
				DEVELOPMENT_ASSET_PATHS = "\"PBR/Preview Content\"";
				ENABLE_PREVIEWS = YES;
				GENERATE_INFOPLIST_FILE = YES;
				INFOPLIST_KEY_UIApplicationSceneManifest_Generation = YES;
				INFOPLIST_KEY_UIApplicationSupportsIndirectInputEvents = YES;
				INFOPLIST_KEY_UILaunchScreen_Generation = YES;
				INFOPLIST_KEY_UISupportedInterfaceOrientations_iPad = "UIInterfaceOrientationPortrait UIInterfaceOrientationPortraitUpsideDown UIInterfaceOrientationLandscapeLeft UIInterfaceOrientationLandscapeRight";
				INFOPLIST_KEY_UISupportedInterfaceOrientations_iPhone = "UIInterfaceOrientationPortrait UIInterfaceOrientationLandscapeLeft UIInterfaceOrientationLandscapeRight";
				LD_RUNPATH_SEARCH_PATHS = (
					"$(inherited)",
					"@executable_path/Frameworks",
				);
				MARKETING_VERSION = 1.0;
				PRODUCT_BUNDLE_IDENTIFIER = com.example.PBR;
				PRODUCT_NAME = "$(TARGET_NAME)";
				SUPPORTED_PLATFORMS = "iphoneos iphonesimulator macosx";
				SUPPORTS_MACCATALYST = NO;
				SUPPORTS_MAC_DESIGNED_FOR_IPHONE_IPAD = NO;
				SWIFT_EMIT_LOC_STRINGS = YES;
				SWIFT_VERSION = 5.0;
				TARGETED_DEVICE_FAMILY = "1,2";
			};
			name = Release;
		};
/* End XCBuildConfiguration section */

/* Begin XCConfigurationList section */
		B0A3DD1129CB2C6300ECF585 /* Build configuration list for PBXProject "PBR" */ = {
			isa = XCConfigurationList;
			buildConfigurations = (
				B0A3DD2229CB2C6400ECF585 /* Debug */,
				B0A3DD2329CB2C6400ECF585 /* Release */,
			);
			defaultConfigurationIsVisible = 0;
			defaultConfigurationName = Release;
		};
		B0A3DD2429CB2C6400ECF585 /* Build configuration list for PBXNativeTarget "PBR" */ = {
			isa = XCConfigurationList;
			buildConfigurations = (
				B0A3DD2529CB2C6400ECF585 /* Debug */,
				B0A3DD2629CB2C6400ECF585 /* Release */,
			);
			defaultConfigurationIsVisible = 0;
			defaultConfigurationName = Release;
		};
/* End XCConfigurationList section */
	};
	rootObject = B0A3DD0E29CB2C6300ECF585 /* Project object */;
}
