// !$*UTF8*$!
{
	archiveVersion = 1;
	classes = {
	};
	objectVersion = 56;
	objects = {

/* Begin PBXBuildFile section */
		B0769C43298FAC2C0090F09C /* ShadowMapIndirectCommandBufferApp.swift in Sources */ = {isa = PBXBuildFile; fileRef = B0769C42298FAC2C0090F09C /* ShadowMapIndirectCommandBufferApp.swift */; };
		B0769C45298FAC2C0090F09C /* ContentView.swift in Sources */ = {isa = PBXBuildFile; fileRef = B0769C44298FAC2C0090F09C /* ContentView.swift */; };
		B0769C47298FAC2D0090F09C /* Assets.xcassets in Resources */ = {isa = PBXBuildFile; fileRef = B0769C46298FAC2D0090F09C /* Assets.xcassets */; };
		B0769C4A298FAC2D0090F09C /* Preview Assets.xcassets in Resources */ = {isa = PBXBuildFile; fileRef = B0769C49298FAC2D0090F09C /* Preview Assets.xcassets */; };
		B0769C51298FAC710090F09C /* Scene.metal in Sources */ = {isa = PBXBuildFile; fileRef = B0769C50298FAC710090F09C /* Scene.metal */; };
		B0769C53298FAC8D0090F09C /* Shadow.metal in Sources */ = {isa = PBXBuildFile; fileRef = B0769C52298FAC8D0090F09C /* Shadow.metal */; };
		B0769C55298FACB70090F09C /* GpuCommandBuffer.metal in Sources */ = {isa = PBXBuildFile; fileRef = B0769C54298FACB70090F09C /* GpuCommandBuffer.metal */; };
/* End PBXBuildFile section */

/* Begin PBXFileReference section */
		B0769C3F298FAC2C0090F09C /* ShadowMapIndirectCommandBuffer.app */ = {isa = PBXFileReference; explicitFileType = wrapper.application; includeInIndex = 0; path = ShadowMapIndirectCommandBuffer.app; sourceTree = BUILT_PRODUCTS_DIR; };
		B0769C42298FAC2C0090F09C /* ShadowMapIndirectCommandBufferApp.swift */ = {isa = PBXFileReference; lastKnownFileType = sourcecode.swift; path = ShadowMapIndirectCommandBufferApp.swift; sourceTree = "<group>"; };
		B0769C44298FAC2C0090F09C /* ContentView.swift */ = {isa = PBXFileReference; lastKnownFileType = sourcecode.swift; path = ContentView.swift; sourceTree = "<group>"; };
		B0769C46298FAC2D0090F09C /* Assets.xcassets */ = {isa = PBXFileReference; lastKnownFileType = folder.assetcatalog; path = Assets.xcassets; sourceTree = "<group>"; };
		B0769C49298FAC2D0090F09C /* Preview Assets.xcassets */ = {isa = PBXFileReference; lastKnownFileType = folder.assetcatalog; path = "Preview Assets.xcassets"; sourceTree = "<group>"; };
		B0769C50298FAC710090F09C /* Scene.metal */ = {isa = PBXFileReference; lastKnownFileType = sourcecode.metal; path = Scene.metal; sourceTree = "<group>"; };
		B0769C52298FAC8D0090F09C /* Shadow.metal */ = {isa = PBXFileReference; lastKnownFileType = sourcecode.metal; path = Shadow.metal; sourceTree = "<group>"; };
		B0769C54298FACB70090F09C /* GpuCommandBuffer.metal */ = {isa = PBXFileReference; lastKnownFileType = sourcecode.metal; path = GpuCommandBuffer.metal; sourceTree = "<group>"; };
/* End PBXFileReference section */

/* Begin PBXFrameworksBuildPhase section */
		B0769C3C298FAC2C0090F09C /* Frameworks */ = {
			isa = PBXFrameworksBuildPhase;
			buildActionMask = 2147483647;
			files = (
			);
			runOnlyForDeploymentPostprocessing = 0;
		};
/* End PBXFrameworksBuildPhase section */

/* Begin PBXGroup section */
		B0769C36298FAC2C0090F09C = {
			isa = PBXGroup;
			children = (
				B0769C41298FAC2C0090F09C /* ShadowMapIndirectCommandBuffer */,
				B0769C40298FAC2C0090F09C /* Products */,
			);
			sourceTree = "<group>";
		};
		B0769C40298FAC2C0090F09C /* Products */ = {
			isa = PBXGroup;
			children = (
				B0769C3F298FAC2C0090F09C /* ShadowMapIndirectCommandBuffer.app */,
			);
			name = Products;
			sourceTree = "<group>";
		};
		B0769C41298FAC2C0090F09C /* ShadowMapIndirectCommandBuffer */ = {
			isa = PBXGroup;
			children = (
				B0769C42298FAC2C0090F09C /* ShadowMapIndirectCommandBufferApp.swift */,
				B0769C44298FAC2C0090F09C /* ContentView.swift */,
				B0769C54298FACB70090F09C /* GpuCommandBuffer.metal */,
				B0769C52298FAC8D0090F09C /* Shadow.metal */,
				B0769C46298FAC2D0090F09C /* Assets.xcassets */,
				B0769C48298FAC2D0090F09C /* Preview Content */,
				B0769C50298FAC710090F09C /* Scene.metal */,
			);
			path = ShadowMapIndirectCommandBuffer;
			sourceTree = "<group>";
		};
		B0769C48298FAC2D0090F09C /* Preview Content */ = {
			isa = PBXGroup;
			children = (
				B0769C49298FAC2D0090F09C /* Preview Assets.xcassets */,
			);
			path = "Preview Content";
			sourceTree = "<group>";
		};
/* End PBXGroup section */

/* Begin PBXNativeTarget section */
		B0769C3E298FAC2C0090F09C /* ShadowMapIndirectCommandBuffer */ = {
			isa = PBXNativeTarget;
			buildConfigurationList = B0769C4D298FAC2D0090F09C /* Build configuration list for PBXNativeTarget "ShadowMapIndirectCommandBuffer" */;
			buildPhases = (
				B0769C3B298FAC2C0090F09C /* Sources */,
				B0769C3C298FAC2C0090F09C /* Frameworks */,
				B0769C3D298FAC2C0090F09C /* Resources */,
			);
			buildRules = (
			);
			dependencies = (
			);
			name = ShadowMapIndirectCommandBuffer;
			productName = ShadowMapIndirectCommandBuffer;
			productReference = B0769C3F298FAC2C0090F09C /* ShadowMapIndirectCommandBuffer.app */;
			productType = "com.apple.product-type.application";
		};
/* End PBXNativeTarget section */

/* Begin PBXProject section */
		B0769C37298FAC2C0090F09C /* Project object */ = {
			isa = PBXProject;
			attributes = {
				BuildIndependentTargetsInParallel = 1;
				LastSwiftUpdateCheck = 1420;
				LastUpgradeCheck = 1420;
				TargetAttributes = {
					B0769C3E298FAC2C0090F09C = {
						CreatedOnToolsVersion = 14.2;
					};
				};
			};
			buildConfigurationList = B0769C3A298FAC2C0090F09C /* Build configuration list for PBXProject "ShadowMapIndirectCommandBuffer" */;
			compatibilityVersion = "Xcode 14.0";
			developmentRegion = en;
			hasScannedForEncodings = 0;
			knownRegions = (
				en,
				Base,
			);
			mainGroup = B0769C36298FAC2C0090F09C;
			productRefGroup = B0769C40298FAC2C0090F09C /* Products */;
			projectDirPath = "";
			projectRoot = "";
			targets = (
				B0769C3E298FAC2C0090F09C /* ShadowMapIndirectCommandBuffer */,
			);
		};
/* End PBXProject section */

/* Begin PBXResourcesBuildPhase section */
		B0769C3D298FAC2C0090F09C /* Resources */ = {
			isa = PBXResourcesBuildPhase;
			buildActionMask = 2147483647;
			files = (
				B0769C4A298FAC2D0090F09C /* Preview Assets.xcassets in Resources */,
				B0769C47298FAC2D0090F09C /* Assets.xcassets in Resources */,
			);
			runOnlyForDeploymentPostprocessing = 0;
		};
/* End PBXResourcesBuildPhase section */

/* Begin PBXSourcesBuildPhase section */
		B0769C3B298FAC2C0090F09C /* Sources */ = {
			isa = PBXSourcesBuildPhase;
			buildActionMask = 2147483647;
			files = (
				B0769C55298FACB70090F09C /* GpuCommandBuffer.metal in Sources */,
				B0769C45298FAC2C0090F09C /* ContentView.swift in Sources */,
				B0769C43298FAC2C0090F09C /* ShadowMapIndirectCommandBufferApp.swift in Sources */,
				B0769C51298FAC710090F09C /* Scene.metal in Sources */,
				B0769C53298FAC8D0090F09C /* Shadow.metal in Sources */,
			);
			runOnlyForDeploymentPostprocessing = 0;
		};
/* End PBXSourcesBuildPhase section */

/* Begin XCBuildConfiguration section */
		B0769C4B298FAC2D0090F09C /* Debug */ = {
			isa = XCBuildConfiguration;
			buildSettings = {
				ALWAYS_SEARCH_USER_PATHS = NO;
				CLANG_ANALYZER_NONNULL = YES;
				CLANG_ANALYZER_NUMBER_OBJECT_CONVERSION = YES_AGGRESSIVE;
				CLANG_CXX_LANGUAGE_STANDARD = "gnu++20";
				CLANG_ENABLE_MODULES = YES;
				CLANG_ENABLE_OBJC_ARC = YES;
				CLANG_ENABLE_OBJC_WEAK = YES;
				CLANG_WARN_BLOCK_CAPTURE_AUTORELEASING = YES;
				CLANG_WARN_BOOL_CONVERSION = YES;
				CLANG_WARN_COMMA = YES;
				CLANG_WARN_CONSTANT_CONVERSION = YES;
				CLANG_WARN_DEPRECATED_OBJC_IMPLEMENTATIONS = YES;
				CLANG_WARN_DIRECT_OBJC_ISA_USAGE = YES_ERROR;
				CLANG_WARN_DOCUMENTATION_COMMENTS = YES;
				CLANG_WARN_EMPTY_BODY = YES;
				CLANG_WARN_ENUM_CONVERSION = YES;
				CLANG_WARN_INFINITE_RECURSION = YES;
				CLANG_WARN_INT_CONVERSION = YES;
				CLANG_WARN_NON_LITERAL_NULL_CONVERSION = YES;
				CLANG_WARN_OBJC_IMPLICIT_RETAIN_SELF = YES;
				CLANG_WARN_OBJC_LITERAL_CONVERSION = YES;
				CLANG_WARN_OBJC_ROOT_CLASS = YES_ERROR;
				CLANG_WARN_QUOTED_INCLUDE_IN_FRAMEWORK_HEADER = YES;
				CLANG_WARN_RANGE_LOOP_ANALYSIS = YES;
				CLANG_WARN_STRICT_PROTOTYPES = YES;
				CLANG_WARN_SUSPICIOUS_MOVE = YES;
				CLANG_WARN_UNGUARDED_AVAILABILITY = YES_AGGRESSIVE;
				CLANG_WARN_UNREACHABLE_CODE = YES;
				CLANG_WARN__DUPLICATE_METHOD_MATCH = YES;
				COPY_PHASE_STRIP = NO;
				DEBUG_INFORMATION_FORMAT = dwarf;
				ENABLE_STRICT_OBJC_MSGSEND = YES;
				ENABLE_TESTABILITY = YES;
				GCC_C_LANGUAGE_STANDARD = gnu11;
				GCC_DYNAMIC_NO_PIC = NO;
				GCC_NO_COMMON_BLOCKS = YES;
				GCC_OPTIMIZATION_LEVEL = 0;
				GCC_PREPROCESSOR_DEFINITIONS = (
					"DEBUG=1",
					"$(inherited)",
				);
				GCC_WARN_64_TO_32_BIT_CONVERSION = YES;
				GCC_WARN_ABOUT_RETURN_TYPE = YES_ERROR;
				GCC_WARN_UNDECLARED_SELECTOR = YES;
				GCC_WARN_UNINITIALIZED_AUTOS = YES_AGGRESSIVE;
				GCC_WARN_UNUSED_FUNCTION = YES;
				GCC_WARN_UNUSED_VARIABLE = YES;
				IPHONEOS_DEPLOYMENT_TARGET = 16.2;
				MTL_ENABLE_DEBUG_INFO = INCLUDE_SOURCE;
				MTL_FAST_MATH = YES;
				ONLY_ACTIVE_ARCH = YES;
				SDKROOT = iphoneos;
				SWIFT_ACTIVE_COMPILATION_CONDITIONS = DEBUG;
				SWIFT_OPTIMIZATION_LEVEL = "-Onone";
			};
			name = Debug;
		};
		B0769C4C298FAC2D0090F09C /* Release */ = {
			isa = XCBuildConfiguration;
			buildSettings = {
				ALWAYS_SEARCH_USER_PATHS = NO;
				CLANG_ANALYZER_NONNULL = YES;
				CLANG_ANALYZER_NUMBER_OBJECT_CONVERSION = YES_AGGRESSIVE;
				CLANG_CXX_LANGUAGE_STANDARD = "gnu++20";
				CLANG_ENABLE_MODULES = YES;
				CLANG_ENABLE_OBJC_ARC = YES;
				CLANG_ENABLE_OBJC_WEAK = YES;
				CLANG_WARN_BLOCK_CAPTURE_AUTORELEASING = YES;
				CLANG_WARN_BOOL_CONVERSION = YES;
				CLANG_WARN_COMMA = YES;
				CLANG_WARN_CONSTANT_CONVERSION = YES;
				CLANG_WARN_DEPRECATED_OBJC_IMPLEMENTATIONS = YES;
				CLANG_WARN_DIRECT_OBJC_ISA_USAGE = YES_ERROR;
				CLANG_WARN_DOCUMENTATION_COMMENTS = YES;
				CLANG_WARN_EMPTY_BODY = YES;
				CLANG_WARN_ENUM_CONVERSION = YES;
				CLANG_WARN_INFINITE_RECURSION = YES;
				CLANG_WARN_INT_CONVERSION = YES;
				CLANG_WARN_NON_LITERAL_NULL_CONVERSION = YES;
				CLANG_WARN_OBJC_IMPLICIT_RETAIN_SELF = YES;
				CLANG_WARN_OBJC_LITERAL_CONVERSION = YES;
				CLANG_WARN_OBJC_ROOT_CLASS = YES_ERROR;
				CLANG_WARN_QUOTED_INCLUDE_IN_FRAMEWORK_HEADER = YES;
				CLANG_WARN_RANGE_LOOP_ANALYSIS = YES;
				CLANG_WARN_STRICT_PROTOTYPES = YES;
				CLANG_WARN_SUSPICIOUS_MOVE = YES;
				CLANG_WARN_UNGUARDED_AVAILABILITY = YES_AGGRESSIVE;
				CLANG_WARN_UNREACHABLE_CODE = YES;
				CLANG_WARN__DUPLICATE_METHOD_MATCH = YES;
				COPY_PHASE_STRIP = NO;
				DEBUG_INFORMATION_FORMAT = "dwarf-with-dsym";
				ENABLE_NS_ASSERTIONS = NO;
				ENABLE_STRICT_OBJC_MSGSEND = YES;
				GCC_C_LANGUAGE_STANDARD = gnu11;
				GCC_NO_COMMON_BLOCKS = YES;
				GCC_WARN_64_TO_32_BIT_CONVERSION = YES;
				GCC_WARN_ABOUT_RETURN_TYPE = YES_ERROR;
				GCC_WARN_UNDECLARED_SELECTOR = YES;
				GCC_WARN_UNINITIALIZED_AUTOS = YES_AGGRESSIVE;
				GCC_WARN_UNUSED_FUNCTION = YES;
				GCC_WARN_UNUSED_VARIABLE = YES;
				IPHONEOS_DEPLOYMENT_TARGET = 16.2;
				MTL_ENABLE_DEBUG_INFO = NO;
				MTL_FAST_MATH = YES;
				SDKROOT = iphoneos;
				SWIFT_COMPILATION_MODE = wholemodule;
				SWIFT_OPTIMIZATION_LEVEL = "-O";
				VALIDATE_PRODUCT = YES;
			};
			name = Release;
		};
		B0769C4E298FAC2D0090F09C /* Debug */ = {
			isa = XCBuildConfiguration;
			buildSettings = {
				ASSETCATALOG_COMPILER_APPICON_NAME = AppIcon;
				ASSETCATALOG_COMPILER_GLOBAL_ACCENT_COLOR_NAME = AccentColor;
				CODE_SIGN_STYLE = Automatic;
				CURRENT_PROJECT_VERSION = 1;
				DEVELOPMENT_ASSET_PATHS = "\"ShadowMapIndirectCommandBuffer/Preview Content\"";
				DEVELOPMENT_TEAM = "";
				ENABLE_PREVIEWS = YES;
				GENERATE_INFOPLIST_FILE = YES;
				INFOPLIST_KEY_UIApplicationSceneManifest_Generation = YES;
				INFOPLIST_KEY_UIApplicationSupportsIndirectInputEvents = YES;
				INFOPLIST_KEY_UILaunchScreen_Generation = YES;
				INFOPLIST_KEY_UISupportedInterfaceOrientations_iPad = "UIInterfaceOrientationPortrait UIInterfaceOrientationPortraitUpsideDown UIInterfaceOrientationLandscapeLeft UIInterfaceOrientationLandscapeRight";
				INFOPLIST_KEY_UISupportedInterfaceOrientations_iPhone = "UIInterfaceOrientationPortrait UIInterfaceOrientationLandscapeLeft UIInterfaceOrientationLandscapeRight";
				LD_RUNPATH_SEARCH_PATHS = (
					"$(inherited)",
					"@executable_path/Frameworks",
				);
				MARKETING_VERSION = 1.0;
				PRODUCT_BUNDLE_IDENTIFIER = com.example.ShadowMapIndirectCommandBuffer;
				PRODUCT_NAME = "$(TARGET_NAME)";
				SUPPORTED_PLATFORMS = "iphoneos iphonesimulator macosx";
				SUPPORTS_MACCATALYST = NO;
				SUPPORTS_MAC_DESIGNED_FOR_IPHONE_IPAD = NO;
				SWIFT_EMIT_LOC_STRINGS = YES;
				SWIFT_VERSION = 5.0;
				TARGETED_DEVICE_FAMILY = "1,2";
			};
			name = Debug;
		};
		B0769C4F298FAC2D0090F09C /* Release */ = {
			isa = XCBuildConfiguration;
			buildSettings = {
				ASSETCATALOG_COMPILER_APPICON_NAME = AppIcon;
				ASSETCATALOG_COMPILER_GLOBAL_ACCENT_COLOR_NAME = AccentColor;
				CODE_SIGN_STYLE = Automatic;
				CURRENT_PROJECT_VERSION = 1;
				DEVELOPMENT_ASSET_PATHS = "\"ShadowMapIndirectCommandBuffer/Preview Content\"";
				DEVELOPMENT_TEAM = "";
				ENABLE_PREVIEWS = YES;
				GENERATE_INFOPLIST_FILE = YES;
				INFOPLIST_KEY_UIApplicationSceneManifest_Generation = YES;
				INFOPLIST_KEY_UIApplicationSupportsIndirectInputEvents = YES;
				INFOPLIST_KEY_UILaunchScreen_Generation = YES;
				INFOPLIST_KEY_UISupportedInterfaceOrientations_iPad = "UIInterfaceOrientationPortrait UIInterfaceOrientationPortraitUpsideDown UIInterfaceOrientationLandscapeLeft UIInterfaceOrientationLandscapeRight";
				INFOPLIST_KEY_UISupportedInterfaceOrientations_iPhone = "UIInterfaceOrientationPortrait UIInterfaceOrientationLandscapeLeft UIInterfaceOrientationLandscapeRight";
				LD_RUNPATH_SEARCH_PATHS = (
					"$(inherited)",
					"@executable_path/Frameworks",
				);
				MARKETING_VERSION = 1.0;
				PRODUCT_BUNDLE_IDENTIFIER = com.example.ShadowMapIndirectCommandBuffer;
				PRODUCT_NAME = "$(TARGET_NAME)";
				SUPPORTED_PLATFORMS = "iphoneos iphonesimulator macosx";
				SUPPORTS_MACCATALYST = NO;
				SUPPORTS_MAC_DESIGNED_FOR_IPHONE_IPAD = NO;
				SWIFT_EMIT_LOC_STRINGS = YES;
				SWIFT_VERSION = 5.0;
				TARGETED_DEVICE_FAMILY = "1,2";
			};
			name = Release;
		};
/* End XCBuildConfiguration section */

/* Begin XCConfigurationList section */
		B0769C3A298FAC2C0090F09C /* Build configuration list for PBXProject "ShadowMapIndirectCommandBuffer" */ = {
			isa = XCConfigurationList;
			buildConfigurations = (
				B0769C4B298FAC2D0090F09C /* Debug */,
				B0769C4C298FAC2D0090F09C /* Release */,
			);
			defaultConfigurationIsVisible = 0;
			defaultConfigurationName = Release;
		};
		B0769C4D298FAC2D0090F09C /* Build configuration list for PBXNativeTarget "ShadowMapIndirectCommandBuffer" */ = {
			isa = XCConfigurationList;
			buildConfigurations = (
				B0769C4E298FAC2D0090F09C /* Debug */,
				B0769C4F298FAC2D0090F09C /* Release */,
			);
			defaultConfigurationIsVisible = 0;
			defaultConfigurationName = Release;
		};
/* End XCConfigurationList section */
	};
	rootObject = B0769C37298FAC2C0090F09C /* Project object */;
}
